// !$*UTF8*$!
{
	archiveVersion = 1;
	classes = {
	};
	objectVersion = 77;
	objects = {

/* Begin PBXBuildFile section */
		34D77C7A2DF8806600D8BBEF /* Kingfisher in Frameworks */ = {isa = PBXBuildFile; productRef = 34D77C792DF8806600D8BBEF /* Kingfisher */; };
/* End PBXBuildFile section */

/* Begin PBXContainerItemProxy section */
		34D77C342DF8065000D8BBEF /* PBXContainerItemProxy */ = {
			isa = PBXContainerItemProxy;
			containerPortal = 34D77C1E2DF8064D00D8BBEF /* Project object */;
			proxyType = 1;
			remoteGlobalIDString = 34D77C252DF8064D00D8BBEF;
			remoteInfo = Dating;
		};
		34D77C3E2DF8065000D8BBEF /* PBXContainerItemProxy */ = {
			isa = PBXContainerItemProxy;
			containerPortal = 34D77C1E2DF8064D00D8BBEF /* Project object */;
			proxyType = 1;
			remoteGlobalIDString = 34D77C252DF8064D00D8BBEF;
			remoteInfo = Dating;
		};
/* End PBXContainerItemProxy section */

/* Begin PBXFileReference section */
		34D77C262DF8064D00D8BBEF /* Dating.app */ = {isa = PBXFileReference; explicitFileType = wrapper.application; includeInIndex = 0; path = Dating.app; sourceTree = BUILT_PRODUCTS_DIR; };
		34D77C332DF8065000D8BBEF /* DatingTests.xctest */ = {isa = PBXFileReference; explicitFileType = wrapper.cfbundle; includeInIndex = 0; path = DatingTests.xctest; sourceTree = BUILT_PRODUCTS_DIR; };
		34D77C3D2DF8065000D8BBEF /* DatingUITests.xctest */ = {isa = PBXFileReference; explicitFileType = wrapper.cfbundle; includeInIndex = 0; path = DatingUITests.xctest; sourceTree = BUILT_PRODUCTS_DIR; };
/* End PBXFileReference section */

/* Begin PBXFileSystemSynchronizedRootGroup section */
		34D77C282DF8064D00D8BBEF /* Dating */ = {
			isa = PBXFileSystemSynchronizedRootGroup;
			path = Dating;
			sourceTree = "<group>";
		};
		34D77C362DF8065000D8BBEF /* DatingTests */ = {
			isa = PBXFileSystemSynchronizedRootGroup;
			path = DatingTests;
			sourceTree = "<group>";
		};
		34D77C402DF8065000D8BBEF /* DatingUITests */ = {
			isa = PBXFileSystemSynchronizedRootGroup;
			path = DatingUITests;
			sourceTree = "<group>";
		};
/* End PBXFileSystemSynchronizedRootGroup section */

/* Begin PBXFrameworksBuildPhase section */
		34D77C232DF8064D00D8BBEF /* Frameworks */ = {
			isa = PBXFrameworksBuildPhase;
			buildActionMask = 2147483647;
			files = (
				34D77C7A2DF8806600D8BBEF /* Kingfisher in Frameworks */,
			);
			runOnlyForDeploymentPostprocessing = 0;
		};
		34D77C302DF8065000D8BBEF /* Frameworks */ = {
			isa = PBXFrameworksBuildPhase;
			buildActionMask = 2147483647;
			files = (
			);
			runOnlyForDeploymentPostprocessing = 0;
		};
		34D77C3A2DF8065000D8BBEF /* Frameworks */ = {
			isa = PBXFrameworksBuildPhase;
			buildActionMask = 2147483647;
			files = (
			);
			runOnlyForDeploymentPostprocessing = 0;
		};
/* End PBXFrameworksBuildPhase section */

/* Begin PBXGroup section */
		34D77C1D2DF8064D00D8BBEF = {
			isa = PBXGroup;
			children = (
				34D77C282DF8064D00D8BBEF /* Dating */,
				34D77C362DF8065000D8BBEF /* DatingTests */,
				34D77C402DF8065000D8BBEF /* DatingUITests */,
				34D77C782DF8806600D8BBEF /* Frameworks */,
				34D77C272DF8064D00D8BBEF /* Products */,
			);
			sourceTree = "<group>";
		};
		34D77C272DF8064D00D8BBEF /* Products */ = {
			isa = PBXGroup;
			children = (
				34D77C262DF8064D00D8BBEF /* Dating.app */,
				34D77C332DF8065000D8BBEF /* DatingTests.xctest */,
				34D77C3D2DF8065000D8BBEF /* DatingUITests.xctest */,
			);
			name = Products;
			sourceTree = "<group>";
		};
		34D77C782DF8806600D8BBEF /* Frameworks */ = {
			isa = PBXGroup;
			children = (
			);
			name = Frameworks;
			sourceTree = "<group>";
		};
/* End PBXGroup section */

/* Begin PBXNativeTarget section */
		34D77C252DF8064D00D8BBEF /* Dating */ = {
			isa = PBXNativeTarget;
			buildConfigurationList = 34D77C472DF8065000D8BBEF /* Build configuration list for PBXNativeTarget "Dating" */;
			buildPhases = (
				34D77C222DF8064D00D8BBEF /* Sources */,
				34D77C232DF8064D00D8BBEF /* Frameworks */,
				34D77C242DF8064D00D8BBEF /* Resources */,
			);
			buildRules = (
			);
			dependencies = (
			);
			fileSystemSynchronizedGroups = (
				34D77C282DF8064D00D8BBEF /* Dating */,
			);
			name = Dating;
			packageProductDependencies = (
				34D77C792DF8806600D8BBEF /* Kingfisher */,
			);
			productName = Dating;
			productReference = 34D77C262DF8064D00D8BBEF /* Dating.app */;
			productType = "com.apple.product-type.application";
		};
		34D77C322DF8065000D8BBEF /* DatingTests */ = {
			isa = PBXNativeTarget;
			buildConfigurationList = 34D77C4A2DF8065000D8BBEF /* Build configuration list for PBXNativeTarget "DatingTests" */;
			buildPhases = (
				34D77C2F2DF8065000D8BBEF /* Sources */,
				34D77C302DF8065000D8BBEF /* Frameworks */,
				34D77C312DF8065000D8BBEF /* Resources */,
			);
			buildRules = (
			);
			dependencies = (
				34D77C352DF8065000D8BBEF /* PBXTargetDependency */,
			);
			fileSystemSynchronizedGroups = (
				34D77C362DF8065000D8BBEF /* DatingTests */,
			);
			name = DatingTests;
			packageProductDependencies = (
			);
			productName = DatingTests;
			productReference = 34D77C332DF8065000D8BBEF /* DatingTests.xctest */;
			productType = "com.apple.product-type.bundle.unit-test";
		};
		34D77C3C2DF8065000D8BBEF /* DatingUITests */ = {
			isa = PBXNativeTarget;
			buildConfigurationList = 34D77C4D2DF8065000D8BBEF /* Build configuration list for PBXNativeTarget "DatingUITests" */;
			buildPhases = (
				34D77C392DF8065000D8BBEF /* Sources */,
				34D77C3A2DF8065000D8BBEF /* Frameworks */,
				34D77C3B2DF8065000D8BBEF /* Resources */,
			);
			buildRules = (
			);
			dependencies = (
				34D77C3F2DF8065000D8BBEF /* PBXTargetDependency */,
			);
			fileSystemSynchronizedGroups = (
				34D77C402DF8065000D8BBEF /* DatingUITests */,
			);
			name = DatingUITests;
			packageProductDependencies = (
			);
			productName = DatingUITests;
			productReference = 34D77C3D2DF8065000D8BBEF /* DatingUITests.xctest */;
			productType = "com.apple.product-type.bundle.ui-testing";
		};
/* End PBXNativeTarget section */

/* Begin PBXProject section */
		34D77C1E2DF8064D00D8BBEF /* Project object */ = {
			isa = PBXProject;
			attributes = {
				BuildIndependentTargetsInParallel = 1;
				LastSwiftUpdateCheck = 1640;
				LastUpgradeCheck = 1640;
				TargetAttributes = {
					34D77C252DF8064D00D8BBEF = {
						CreatedOnToolsVersion = 16.4;
					};
					34D77C322DF8065000D8BBEF = {
						CreatedOnToolsVersion = 16.4;
						TestTargetID = 34D77C252DF8064D00D8BBEF;
					};
					34D77C3C2DF8065000D8BBEF = {
						CreatedOnToolsVersion = 16.4;
						TestTargetID = 34D77C252DF8064D00D8BBEF;
					};
				};
			};
			buildConfigurationList = 34D77C212DF8064D00D8BBEF /* Build configuration list for PBXProject "Dating" */;
			developmentRegion = en;
			hasScannedForEncodings = 0;
			knownRegions = (
				en,
				Base,
			);
			mainGroup = 34D77C1D2DF8064D00D8BBEF;
			minimizedProjectReferenceProxies = 1;
			packageReferences = (
				34D77C772DF8598E00D8BBEF /* XCRemoteSwiftPackageReference "Kingfisher" */,
			);
			preferredProjectObjectVersion = 77;
			productRefGroup = 34D77C272DF8064D00D8BBEF /* Products */;
			projectDirPath = "";
			projectRoot = "";
			targets = (
				34D77C252DF8064D00D8BBEF /* Dating */,
				34D77C322DF8065000D8BBEF /* DatingTests */,
				34D77C3C2DF8065000D8BBEF /* DatingUITests */,
			);
		};
/* End PBXProject section */

/* Begin PBXResourcesBuildPhase section */
		34D77C242DF8064D00D8BBEF /* Resources */ = {
			isa = PBXResourcesBuildPhase;
			buildActionMask = 2147483647;
			files = (
			);
			runOnlyForDeploymentPostprocessing = 0;
		};
		34D77C312DF8065000D8BBEF /* Resources */ = {
			isa = PBXResourcesBuildPhase;
			buildActionMask = 2147483647;
			files = (
			);
			runOnlyForDeploymentPostprocessing = 0;
		};
		34D77C3B2DF8065000D8BBEF /* Resources */ = {
			isa = PBXResourcesBuildPhase;
			buildActionMask = 2147483647;
			files = (
			);
			runOnlyForDeploymentPostprocessing = 0;
		};
/* End PBXResourcesBuildPhase section */

/* Begin PBXSourcesBuildPhase section */
		34D77C222DF8064D00D8BBEF /* Sources */ = {
			isa = PBXSourcesBuildPhase;
			buildActionMask = 2147483647;
			files = (
			);
			runOnlyForDeploymentPostprocessing = 0;
		};
		34D77C2F2DF8065000D8BBEF /* Sources */ = {
			isa = PBXSourcesBuildPhase;
			buildActionMask = 2147483647;
			files = (
			);
			runOnlyForDeploymentPostprocessing = 0;
		};
		34D77C392DF8065000D8BBEF /* Sources */ = {
			isa = PBXSourcesBuildPhase;
			buildActionMask = 2147483647;
			files = (
			);
			runOnlyForDeploymentPostprocessing = 0;
		};
/* End PBXSourcesBuildPhase section */

/* Begin PBXTargetDependency section */
		34D77C352DF8065000D8BBEF /* PBXTargetDependency */ = {
			isa = PBXTargetDependency;
			target = 34D77C252DF8064D00D8BBEF /* Dating */;
			targetProxy = 34D77C342DF8065000D8BBEF /* PBXContainerItemProxy */;
		};
		34D77C3F2DF8065000D8BBEF /* PBXTargetDependency */ = {
			isa = PBXTargetDependency;
			target = 34D77C252DF8064D00D8BBEF /* Dating */;
			targetProxy = 34D77C3E2DF8065000D8BBEF /* PBXContainerItemProxy */;
		};
/* End PBXTargetDependency section */

/* Begin XCBuildConfiguration section */
		34D77C452DF8065000D8BBEF /* Debug */ = {
			isa = XCBuildConfiguration;
			buildSettings = {
				ALWAYS_SEARCH_USER_PATHS = NO;
				ASSETCATALOG_COMPILER_GENERATE_SWIFT_ASSET_SYMBOL_EXTENSIONS = YES;
				CLANG_ANALYZER_NONNULL = YES;
				CLANG_ANALYZER_NUMBER_OBJECT_CONVERSION = YES_AGGRESSIVE;
				CLANG_CXX_LANGUAGE_STANDARD = "gnu++20";
				CLANG_ENABLE_MODULES = YES;
				CLANG_ENABLE_OBJC_ARC = YES;
				CLANG_ENABLE_OBJC_WEAK = YES;
				CLANG_WARN_BLOCK_CAPTURE_AUTORELEASING = YES;
				CLANG_WARN_BOOL_CONVERSION = YES;
				CLANG_WARN_COMMA = YES;
				CLANG_WARN_CONSTANT_CONVERSION = YES;
				CLANG_WARN_DEPRECATED_OBJC_IMPLEMENTATIONS = YES;
				CLANG_WARN_DIRECT_OBJC_ISA_USAGE = YES_ERROR;
				CLANG_WARN_DOCUMENTATION_COMMENTS = YES;
				CLANG_WARN_EMPTY_BODY = YES;
				CLANG_WARN_ENUM_CONVERSION = YES;
				CLANG_WARN_INFINITE_RECURSION = YES;
				CLANG_WARN_INT_CONVERSION = YES;
				CLANG_WARN_NON_LITERAL_NULL_CONVERSION = YES;
				CLANG_WARN_OBJC_IMPLICIT_RETAIN_SELF = YES;
				CLANG_WARN_OBJC_LITERAL_CONVERSION = YES;
				CLANG_WARN_OBJC_ROOT_CLASS = YES_ERROR;
				CLANG_WARN_QUOTED_INCLUDE_IN_FRAMEWORK_HEADER = YES;
				CLANG_WARN_RANGE_LOOP_ANALYSIS = YES;
				CLANG_WARN_STRICT_PROTOTYPES = YES;
				CLANG_WARN_SUSPICIOUS_MOVE = YES;
				CLANG_WARN_UNGUARDED_AVAILABILITY = YES_AGGRESSIVE;
				CLANG_WARN_UNREACHABLE_CODE = YES;
				CLANG_WARN__DUPLICATE_METHOD_MATCH = YES;
				COPY_PHASE_STRIP = NO;
				DEBUG_INFORMATION_FORMAT = dwarf;
				ENABLE_STRICT_OBJC_MSGSEND = YES;
				ENABLE_TESTABILITY = YES;
				ENABLE_USER_SCRIPT_SANDBOXING = YES;
				GCC_C_LANGUAGE_STANDARD = gnu17;
				GCC_DYNAMIC_NO_PIC = NO;
				GCC_NO_COMMON_BLOCKS = YES;
				GCC_OPTIMIZATION_LEVEL = 0;
				GCC_PREPROCESSOR_DEFINITIONS = (
					"DEBUG=1",
					"$(inherited)",
				);
				GCC_WARN_64_TO_32_BIT_CONVERSION = YES;
				GCC_WARN_ABOUT_RETURN_TYPE = YES_ERROR;
				GCC_WARN_UNDECLARED_SELECTOR = YES;
				GCC_WARN_UNINITIALIZED_AUTOS = YES_AGGRESSIVE;
				GCC_WARN_UNUSED_FUNCTION = YES;
				GCC_WARN_UNUSED_VARIABLE = YES;
				IPHONEOS_DEPLOYMENT_TARGET = 18.5;
				LOCALIZATION_PREFERS_STRING_CATALOGS = YES;
				MTL_ENABLE_DEBUG_INFO = INCLUDE_SOURCE;
				MTL_FAST_MATH = YES;
				ONLY_ACTIVE_ARCH = YES;
				SDKROOT = iphoneos;
				SWIFT_ACTIVE_COMPILATION_CONDITIONS = "DEBUG $(inherited)";
				SWIFT_OPTIMIZATION_LEVEL = "-Onone";
			};
			name = Debug;
		};
		34D77C462DF8065000D8BBEF /* Release */ = {
			isa = XCBuildConfiguration;
			buildSettings = {
				ALWAYS_SEARCH_USER_PATHS = NO;
				ASSETCATALOG_COMPILER_GENERATE_SWIFT_ASSET_SYMBOL_EXTENSIONS = YES;
				CLANG_ANALYZER_NONNULL = YES;
				CLANG_ANALYZER_NUMBER_OBJECT_CONVERSION = YES_AGGRESSIVE;
				CLANG_CXX_LANGUAGE_STANDARD = "gnu++20";
				CLANG_ENABLE_MODULES = YES;
				CLANG_ENABLE_OBJC_ARC = YES;
				CLANG_ENABLE_OBJC_WEAK = YES;
				CLANG_WARN_BLOCK_CAPTURE_AUTORELEASING = YES;
				CLANG_WARN_BOOL_CONVERSION = YES;
				CLANG_WARN_COMMA = YES;
				CLANG_WARN_CONSTANT_CONVERSION = YES;
				CLANG_WARN_DEPRECATED_OBJC_IMPLEMENTATIONS = YES;
				CLANG_WARN_DIRECT_OBJC_ISA_USAGE = YES_ERROR;
				CLANG_WARN_DOCUMENTATION_COMMENTS = YES;
				CLANG_WARN_EMPTY_BODY = YES;
				CLANG_WARN_ENUM_CONVERSION = YES;
				CLANG_WARN_INFINITE_RECURSION = YES;
				CLANG_WARN_INT_CONVERSION = YES;
				CLANG_WARN_NON_LITERAL_NULL_CONVERSION = YES;
				CLANG_WARN_OBJC_IMPLICIT_RETAIN_SELF = YES;
				CLANG_WARN_OBJC_LITERAL_CONVERSION = YES;
				CLANG_WARN_OBJC_ROOT_CLASS = YES_ERROR;
				CLANG_WARN_QUOTED_INCLUDE_IN_FRAMEWORK_HEADER = YES;
				CLANG_WARN_RANGE_LOOP_ANALYSIS = YES;
				CLANG_WARN_STRICT_PROTOTYPES = YES;
				CLANG_WARN_SUSPICIOUS_MOVE = YES;
				CLANG_WARN_UNGUARDED_AVAILABILITY = YES_AGGRESSIVE;
				CLANG_WARN_UNREACHABLE_CODE = YES;
				CLANG_WARN__DUPLICATE_METHOD_MATCH = YES;
				COPY_PHASE_STRIP = NO;
				DEBUG_INFORMATION_FORMAT = "dwarf-with-dsym";
				ENABLE_NS_ASSERTIONS = NO;
				ENABLE_STRICT_OBJC_MSGSEND = YES;
				ENABLE_USER_SCRIPT_SANDBOXING = YES;
				GCC_C_LANGUAGE_STANDARD = gnu17;
				GCC_NO_COMMON_BLOCKS = YES;
				GCC_WARN_64_TO_32_BIT_CONVERSION = YES;
				GCC_WARN_ABOUT_RETURN_TYPE = YES_ERROR;
				GCC_WARN_UNDECLARED_SELECTOR = YES;
				GCC_WARN_UNINITIALIZED_AUTOS = YES_AGGRESSIVE;
				GCC_WARN_UNUSED_FUNCTION = YES;
				GCC_WARN_UNUSED_VARIABLE = YES;
				IPHONEOS_DEPLOYMENT_TARGET = 18.5;
				LOCALIZATION_PREFERS_STRING_CATALOGS = YES;
				MTL_ENABLE_DEBUG_INFO = NO;
				MTL_FAST_MATH = YES;
				SDKROOT = iphoneos;
				SWIFT_COMPILATION_MODE = wholemodule;
				VALIDATE_PRODUCT = YES;
			};
			name = Release;
		};
		34D77C482DF8065000D8BBEF /* Debug */ = {
			isa = XCBuildConfiguration;
			buildSettings = {
				ASSETCATALOG_COMPILER_APPICON_NAME = AppIcon;
				ASSETCATALOG_COMPILER_GLOBAL_ACCENT_COLOR_NAME = AccentColor;
				CODE_SIGN_STYLE = Automatic;
				CURRENT_PROJECT_VERSION = 1;
				ENABLE_PREVIEWS = YES;
				GENERATE_INFOPLIST_FILE = YES;
				INFOPLIST_KEY_UIApplicationSceneManifest_Generation = YES;
				INFOPLIST_KEY_UIApplicationSupportsIndirectInputEvents = YES;
				INFOPLIST_KEY_UILaunchScreen_Generation = YES;
				INFOPLIST_KEY_UISupportedInterfaceOrientations_iPad = "UIInterfaceOrientationPortrait UIInterfaceOrientationPortraitUpsideDown UIInterfaceOrientationLandscapeLeft UIInterfaceOrientationLandscapeRight";
				INFOPLIST_KEY_UISupportedInterfaceOrientations_iPhone = "UIInterfaceOrientationPortrait UIInterfaceOrientationLandscapeLeft UIInterfaceOrientationLandscapeRight";
				LD_RUNPATH_SEARCH_PATHS = (
					"$(inherited)",
					"@executable_path/Frameworks",
				);
				MARKETING_VERSION = 1.0;
				PRODUCT_BUNDLE_IDENTIFIER = wztao.Dating;
				PRODUCT_NAME = "$(TARGET_NAME)";
				SWIFT_EMIT_LOC_STRINGS = YES;
				SWIFT_VERSION = 5.0;
				TARGETED_DEVICE_FAMILY = "1,2";
			};
			name = Debug;
		};
		34D77C492DF8065000D8BBEF /* Release */ = {
			isa = XCBuildConfiguration;
			buildSettings = {
				ASSETCATALOG_COMPILER_APPICON_NAME = AppIcon;
				ASSETCATALOG_COMPILER_GLOBAL_ACCENT_COLOR_NAME = AccentColor;
				CODE_SIGN_STYLE = Automatic;
				CURRENT_PROJECT_VERSION = 1;
				ENABLE_PREVIEWS = YES;
				GENERATE_INFOPLIST_FILE = YES;
				INFOPLIST_KEY_UIApplicationSceneManifest_Generation = YES;
				INFOPLIST_KEY_UIApplicationSupportsIndirectInputEvents = YES;
				INFOPLIST_KEY_UILaunchScreen_Generation = YES;
				INFOPLIST_KEY_UISupportedInterfaceOrientations_iPad = "UIInterfaceOrientationPortrait UIInterfaceOrientationPortraitUpsideDown UIInterfaceOrientationLandscapeLeft UIInterfaceOrientationLandscapeRight";
				INFOPLIST_KEY_UISupportedInterfaceOrientations_iPhone = "UIInterfaceOrientationPortrait UIInterfaceOrientationLandscapeLeft UIInterfaceOrientationLandscapeRight";
				LD_RUNPATH_SEARCH_PATHS = (
					"$(inherited)",
					"@executable_path/Frameworks",
				);
				MARKETING_VERSION = 1.0;
				PRODUCT_BUNDLE_IDENTIFIER = wztao.Dating;
				PRODUCT_NAME = "$(TARGET_NAME)";
				SWIFT_EMIT_LOC_STRINGS = YES;
				SWIFT_VERSION = 5.0;
				TARGETED_DEVICE_FAMILY = "1,2";
			};
			name = Release;
		};
		34D77C4B2DF8065000D8BBEF /* Debug */ = {
			isa = XCBuildConfiguration;
			buildSettings = {
				BUNDLE_LOADER = "$(TEST_HOST)";
				CODE_SIGN_STYLE = Automatic;
				CURRENT_PROJECT_VERSION = 1;
				GENERATE_INFOPLIST_FILE = YES;
				IPHONEOS_DEPLOYMENT_TARGET = 18.5;
				MARKETING_VERSION = 1.0;
				PRODUCT_BUNDLE_IDENTIFIER = wztao.DatingTests;
				PRODUCT_NAME = "$(TARGET_NAME)";
				SWIFT_EMIT_LOC_STRINGS = NO;
				SWIFT_VERSION = 5.0;
				TARGETED_DEVICE_FAMILY = "1,2";
				TEST_HOST = "$(BUILT_PRODUCTS_DIR)/Dating.app/$(BUNDLE_EXECUTABLE_FOLDER_PATH)/Dating";
			};
			name = Debug;
		};
		34D77C4C2DF8065000D8BBEF /* Release */ = {
			isa = XCBuildConfiguration;
			buildSettings = {
				BUNDLE_LOADER = "$(TEST_HOST)";
				CODE_SIGN_STYLE = Automatic;
				CURRENT_PROJECT_VERSION = 1;
				GENERATE_INFOPLIST_FILE = YES;
				IPHONEOS_DEPLOYMENT_TARGET = 18.5;
				MARKETING_VERSION = 1.0;
				PRODUCT_BUNDLE_IDENTIFIER = wztao.DatingTests;
				PRODUCT_NAME = "$(TARGET_NAME)";
				SWIFT_EMIT_LOC_STRINGS = NO;
				SWIFT_VERSION = 5.0;
				TARGETED_DEVICE_FAMILY = "1,2";
				TEST_HOST = "$(BUILT_PRODUCTS_DIR)/Dating.app/$(BUNDLE_EXECUTABLE_FOLDER_PATH)/Dating";
			};
			name = Release;
		};
		34D77C4E2DF8065000D8BBEF /* Debug */ = {
			isa = XCBuildConfiguration;
			buildSettings = {
				CODE_SIGN_STYLE = Automatic;
				CURRENT_PROJECT_VERSION = 1;
				GENERATE_INFOPLIST_FILE = YES;
				MARKETING_VERSION = 1.0;
				PRODUCT_BUNDLE_IDENTIFIER = wztao.DatingUITests;
				PRODUCT_NAME = "$(TARGET_NAME)";
				SWIFT_EMIT_LOC_STRINGS = NO;
				SWIFT_VERSION = 5.0;
				TARGETED_DEVICE_FAMILY = "1,2";
				TEST_TARGET_NAME = Dating;
			};
			name = Debug;
		};
		34D77C4F2DF8065000D8BBEF /* Release */ = {
			isa = XCBuildConfiguration;
			buildSettings = {
				CODE_SIGN_STYLE = Automatic;
				CURRENT_PROJECT_VERSION = 1;
				GENERATE_INFOPLIST_FILE = YES;
				MARKETING_VERSION = 1.0;
				PRODUCT_BUNDLE_IDENTIFIER = wztao.DatingUITests;
				PRODUCT_NAME = "$(TARGET_NAME)";
				SWIFT_EMIT_LOC_STRINGS = NO;
				SWIFT_VERSION = 5.0;
				TARGETED_DEVICE_FAMILY = "1,2";
				TEST_TARGET_NAME = Dating;
			};
			name = Release;
		};
/* End XCBuildConfiguration section */

/* Begin XCConfigurationList section */
		34D77C212DF8064D00D8BBEF /* Build configuration list for PBXProject "Dating" */ = {
			isa = XCConfigurationList;
			buildConfigurations = (
				34D77C452DF8065000D8BBEF /* Debug */,
				34D77C462DF8065000D8BBEF /* Release */,
			);
			defaultConfigurationIsVisible = 0;
			defaultConfigurationName = Release;
		};
		34D77C472DF8065000D8BBEF /* Build configuration list for PBXNativeTarget "Dating" */ = {
			isa = XCConfigurationList;
			buildConfigurations = (
				34D77C482DF8065000D8BBEF /* Debug */,
				34D77C492DF8065000D8BBEF /* Release */,
			);
			defaultConfigurationIsVisible = 0;
			defaultConfigurationName = Release;
		};
		34D77C4A2DF8065000D8BBEF /* Build configuration list for PBXNativeTarget "DatingTests" */ = {
			isa = XCConfigurationList;
			buildConfigurations = (
				34D77C4B2DF8065000D8BBEF /* Debug */,
				34D77C4C2DF8065000D8BBEF /* Release */,
			);
			defaultConfigurationIsVisible = 0;
			defaultConfigurationName = Release;
		};
		34D77C4D2DF8065000D8BBEF /* Build configuration list for PBXNativeTarget "DatingUITests" */ = {
			isa = XCConfigurationList;
			buildConfigurations = (
				34D77C4E2DF8065000D8BBEF /* Debug */,
				34D77C4F2DF8065000D8BBEF /* Release */,
			);
			defaultConfigurationIsVisible = 0;
			defaultConfigurationName = Release;
		};
/* End XCConfigurationList section */

/* Begin XCRemoteSwiftPackageReference section */
		34D77C772DF8598E00D8BBEF /* XCRemoteSwiftPackageReference "Kingfisher" */ = {
			isa = XCRemoteSwiftPackageReference;
			repositoryURL = "https://github.com/onevcat/Kingfisher.git";
			requirement = {
				kind = upToNextMajorVersion;
				minimumVersion = 8.3.2;
			};
		};
/* End XCRemoteSwiftPackageReference section */

/* Begin XCSwiftPackageProductDependency section */
		34D77C792DF8806600D8BBEF /* Kingfisher */ = {
			isa = XCSwiftPackageProductDependency;
			package = 34D77C772DF8598E00D8BBEF /* XCRemoteSwiftPackageReference "Kingfisher" */;
			productName = Kingfisher;
		};
/* End XCSwiftPackageProductDependency section */
	};
	rootObject = 34D77C1E2DF8064D00D8BBEF /* Project object */;
}
